{
  "originHash" : "39783c210862de041b45a22a36f704a23e2678cbb6d29e5be6fec7a208475440",
  "pins" : [
    {
      "identity" : "gltfkit2",
      "kind" : "remoteSourceControl",
      "location" : "https://github.com/warrenm/GLTFKit2",
      "state" : {
        "revision" : "c4509232470777e51ecffa626597ff9b4da170f5",
        "version" : "0.5.14"
      }
    }
  ],
  "version" : 3
}
